
Microsoft Visual Studio Solution File, Format Version 12.00
# Visual Studio Version 16
VisualStudioVersion = 16.0.30413.136
MinimumVisualStudioVersion = 10.0.40219.1
Project("{FAE04EC0-301F-11D3-BF4B-00C04F79EFBC}") = "EIP_System", "EIP_System\EIP_System.csproj", "{F942DA76-CC7B-414C-A45B-4E46D2F55556}"
EndProject
Global
	GlobalSection(SolutionConfigurationPlatforms) = preSolution
		Debug|Any CPU = Debug|Any CPU
		Release|Any CPU = Release|Any CPU
	EndGlobalSection
	GlobalSection(ProjectConfigurationPlatforms) = postSolution
		{F942DA76-CC7B-414C-A45B-4E46D2F55556}.Debug|Any CPU.ActiveCfg = Debug|Any CPU
		{F942DA76-CC7B-414C-A45B-4E46D2F55556}.Debug|Any CPU.Build.0 = Debug|Any CPU
		{F942DA76-CC7B-414C-A45B-4E46D2F55556}.Release|Any CPU.ActiveCfg = Release|Any CPU
		{F942DA76-CC7B-414C-A45B-4E46D2F55556}.Release|Any CPU.Build.0 = Release|Any CPU
	EndGlobalSection
	GlobalSection(SolutionProperties) = preSolution
		HideSolutionNode = FALSE
	EndGlobalSection
	GlobalSection(ExtensibilityGlobals) = postSolution
		SolutionGuid = {EE22CB6A-B7DA-4E77-B4E6-D408F0874CFF}
	EndGlobalSection
EndGlobal
